
Microsoft Visual Studio Solution File, Format Version 12.00
# Visual Studio 2017
Project("{FAE04EC0-301F-11D3-BF4B-00C04F79EFBC}") = "Project Boros", "Project Boros.csproj", "{30E0CDD8-AD8D-1EF2-ACCB-43C969A99B7B}"
EndProject
Global
	GlobalSection(SolutionConfigurationPlatforms) = preSolution
		Debug|Any CPU = Debug|Any CPU
		Release|Any CPU = Release|Any CPU
	EndGlobalSection
	GlobalSection(ProjectConfigurationPlatforms) = postSolution
		{30E0CDD8-AD8D-1EF2-ACCB-43C969A99B7B}.Debug|Any CPU.ActiveCfg = Debug|Any CPU
		{30E0CDD8-AD8D-1EF2-ACCB-43C969A99B7B}.Debug|Any CPU.Build.0 = Debug|Any CPU
		{30E0CDD8-AD8D-1EF2-ACCB-43C969A99B7B}.Release|Any CPU.ActiveCfg = Release|Any CPU
		{30E0CDD8-AD8D-1EF2-ACCB-43C969A99B7B}.Release|Any CPU.Build.0 = Release|Any CPU
	EndGlobalSection
	GlobalSection(SolutionProperties) = preSolution
		HideSolutionNode = FALSE
	EndGlobalSection
EndGlobal
